// !$*UTF8*$!
{
	archiveVersion = 1;
	classes = {
	};
	objectVersion = 56;
	objects = {

/* Begin PBXBuildFile section */
		B80972102CD103B80000AAE9 /* AirPolutionContainer.swift in Sources */ = {isa = PBXBuildFile; fileRef = B809720F2CD103B80000AAE9 /* AirPolutionContainer.swift */; };
		B80972122CD109EE0000AAE9 /* AirPolutionResponseBody.swift in Sources */ = {isa = PBXBuildFile; fileRef = B80972112CD109EE0000AAE9 /* AirPolutionResponseBody.swift */; };
		B80972142CD10C750000AAE9 /* AirPolutionData.swift in Sources */ = {isa = PBXBuildFile; fileRef = B80972132CD10C750000AAE9 /* AirPolutionData.swift */; };
		B80972182CD1F9760000AAE9 /* CircularProgressView.swift in Sources */ = {isa = PBXBuildFile; fileRef = B80972172CD1F9760000AAE9 /* CircularProgressView.swift */; };
		B809721A2CD21BAD0000AAE9 /* WeatherDetailsContainer.swift in Sources */ = {isa = PBXBuildFile; fileRef = B80972192CD21BAD0000AAE9 /* WeatherDetailsContainer.swift */; };
		B809721C2CD25A2F0000AAE9 /* DetailsGridItem.swift in Sources */ = {isa = PBXBuildFile; fileRef = B809721B2CD25A2F0000AAE9 /* DetailsGridItem.swift */; };
		B86FC8FE2C6E316E0064CFBA /* AstanaWeatherAppApp.swift in Sources */ = {isa = PBXBuildFile; fileRef = B86FC8FD2C6E316E0064CFBA /* AstanaWeatherAppApp.swift */; };
		B86FC9002C6E316E0064CFBA /* ContentView.swift in Sources */ = {isa = PBXBuildFile; fileRef = B86FC8FF2C6E316E0064CFBA /* ContentView.swift */; };
		B86FC9022C6E31700064CFBA /* Assets.xcassets in Resources */ = {isa = PBXBuildFile; fileRef = B86FC9012C6E31700064CFBA /* Assets.xcassets */; };
		B86FC9052C6E31700064CFBA /* Preview Assets.xcassets in Resources */ = {isa = PBXBuildFile; fileRef = B86FC9042C6E31700064CFBA /* Preview Assets.xcassets */; };
		B86FC90D2C6E31A30064CFBA /* WeatherInfoContainer.swift in Sources */ = {isa = PBXBuildFile; fileRef = B86FC90C2C6E31A30064CFBA /* WeatherInfoContainer.swift */; };
		B86FC9192C7481030064CFBA /* WeatherResponse.swift in Sources */ = {isa = PBXBuildFile; fileRef = B86FC9182C7481030064CFBA /* WeatherResponse.swift */; };
		B86FC91D2C748AC40064CFBA /* WeatherManager.swift in Sources */ = {isa = PBXBuildFile; fileRef = B86FC91C2C748AC40064CFBA /* WeatherManager.swift */; };
		B86FC9212C7490680064CFBA /* WeatherViewModel.swift in Sources */ = {isa = PBXBuildFile; fileRef = B86FC9202C7490680064CFBA /* WeatherViewModel.swift */; };
		B894E4C02C760A8F0022DE98 /* DetailsView.swift in Sources */ = {isa = PBXBuildFile; fileRef = B894E4BF2C760A8F0022DE98 /* DetailsView.swift */; };
		B894E4C32C7733FD0022DE98 /* CityInfoContainer.swift in Sources */ = {isa = PBXBuildFile; fileRef = B894E4C22C7733FD0022DE98 /* CityInfoContainer.swift */; };
		B894E4CA2C7E63AF0022DE98 /* WeatherError.swift in Sources */ = {isa = PBXBuildFile; fileRef = B894E4C92C7E63AF0022DE98 /* WeatherError.swift */; };
		B8BA23E12CCFC7A90063BD41 /* WeekdayFilterItem.swift in Sources */ = {isa = PBXBuildFile; fileRef = B8BA23E02CCFC7A90063BD41 /* WeekdayFilterItem.swift */; };
		B8BA24432CD021080063BD41 /* Montserrat-Light.ttf in Resources */ = {isa = PBXBuildFile; fileRef = B8BA243D2CD021080063BD41 /* Montserrat-Light.ttf */; };
		B8BA24442CD021080063BD41 /* Montserrat-LightItalic.ttf in Resources */ = {isa = PBXBuildFile; fileRef = B8BA243E2CD021080063BD41 /* Montserrat-LightItalic.ttf */; };
		B8BA24452CD021080063BD41 /* Montserrat-SemiBold.ttf in Resources */ = {isa = PBXBuildFile; fileRef = B8BA24402CD021080063BD41 /* Montserrat-SemiBold.ttf */; };
		B8BA24462CD021080063BD41 /* Montserrat-Regular.ttf in Resources */ = {isa = PBXBuildFile; fileRef = B8BA243F2CD021080063BD41 /* Montserrat-Regular.ttf */; };
		B8BA24472CD021080063BD41 /* Montserrat-SemiBoldItalic.ttf in Resources */ = {isa = PBXBuildFile; fileRef = B8BA24412CD021080063BD41 /* Montserrat-SemiBoldItalic.ttf */; };
		B8BA244A2CD034F60063BD41 /* HourWeatherItem.swift in Sources */ = {isa = PBXBuildFile; fileRef = B8BA24492CD034F60063BD41 /* HourWeatherItem.swift */; };
		B8BA244C2CD0C4070063BD41 /* HourlyResponseBody.swift in Sources */ = {isa = PBXBuildFile; fileRef = B8BA244B2CD0C4070063BD41 /* HourlyResponseBody.swift */; };
		B8BA244E2CD0F50C0063BD41 /* HourlyWeather.swift in Sources */ = {isa = PBXBuildFile; fileRef = B8BA244D2CD0F50C0063BD41 /* HourlyWeather.swift */; };
		B8CBB0722C8841B7003CE614 /* CurrentResponseBody.swift in Sources */ = {isa = PBXBuildFile; fileRef = B8CBB0712C8841B7003CE614 /* CurrentResponseBody.swift */; };
		B8CBB0742C8879B5003CE614 /* CurrentWeather.swift in Sources */ = {isa = PBXBuildFile; fileRef = B8CBB0732C8879B5003CE614 /* CurrentWeather.swift */; };
		B8CBB0762C90C841003CE614 /* MainResponse.swift in Sources */ = {isa = PBXBuildFile; fileRef = B8CBB0752C90C841003CE614 /* MainResponse.swift */; };
		B8CBB0782C90C85E003CE614 /* WindResponse.swift in Sources */ = {isa = PBXBuildFile; fileRef = B8CBB0772C90C85E003CE614 /* WindResponse.swift */; };
		B8CBB07A2C90CA0A003CE614 /* ForecastResponseBody.swift in Sources */ = {isa = PBXBuildFile; fileRef = B8CBB0792C90CA0A003CE614 /* ForecastResponseBody.swift */; };
		B8CBB0802C90CDD0003CE614 /* ForecastWeather.swift in Sources */ = {isa = PBXBuildFile; fileRef = B8CBB07F2C90CDD0003CE614 /* ForecastWeather.swift */; };
		B8CBB0822C90DAE6003CE614 /* WeatherProtocol.swift in Sources */ = {isa = PBXBuildFile; fileRef = B8CBB0812C90DAE6003CE614 /* WeatherProtocol.swift */; };
/* End PBXBuildFile section */

/* Begin PBXFileReference section */
		B809720F2CD103B80000AAE9 /* AirPolutionContainer.swift */ = {isa = PBXFileReference; lastKnownFileType = sourcecode.swift; path = AirPolutionContainer.swift; sourceTree = "<group>"; };
		B80972112CD109EE0000AAE9 /* AirPolutionResponseBody.swift */ = {isa = PBXFileReference; lastKnownFileType = sourcecode.swift; path = AirPolutionResponseBody.swift; sourceTree = "<group>"; };
		B80972132CD10C750000AAE9 /* AirPolutionData.swift */ = {isa = PBXFileReference; lastKnownFileType = sourcecode.swift; path = AirPolutionData.swift; sourceTree = "<group>"; };
		B80972172CD1F9760000AAE9 /* CircularProgressView.swift */ = {isa = PBXFileReference; lastKnownFileType = sourcecode.swift; path = CircularProgressView.swift; sourceTree = "<group>"; };
		B80972192CD21BAD0000AAE9 /* WeatherDetailsContainer.swift */ = {isa = PBXFileReference; lastKnownFileType = sourcecode.swift; path = WeatherDetailsContainer.swift; sourceTree = "<group>"; };
		B809721B2CD25A2F0000AAE9 /* DetailsGridItem.swift */ = {isa = PBXFileReference; lastKnownFileType = sourcecode.swift; path = DetailsGridItem.swift; sourceTree = "<group>"; };
		B86FC8FA2C6E316E0064CFBA /* AstanaWeatherApp.app */ = {isa = PBXFileReference; explicitFileType = wrapper.application; includeInIndex = 0; path = AstanaWeatherApp.app; sourceTree = BUILT_PRODUCTS_DIR; };
		B86FC8FD2C6E316E0064CFBA /* AstanaWeatherAppApp.swift */ = {isa = PBXFileReference; lastKnownFileType = sourcecode.swift; path = AstanaWeatherAppApp.swift; sourceTree = "<group>"; };
		B86FC8FF2C6E316E0064CFBA /* ContentView.swift */ = {isa = PBXFileReference; lastKnownFileType = sourcecode.swift; path = ContentView.swift; sourceTree = "<group>"; };
		B86FC9012C6E31700064CFBA /* Assets.xcassets */ = {isa = PBXFileReference; lastKnownFileType = folder.assetcatalog; path = Assets.xcassets; sourceTree = "<group>"; };
		B86FC9042C6E31700064CFBA /* Preview Assets.xcassets */ = {isa = PBXFileReference; lastKnownFileType = folder.assetcatalog; path = "Preview Assets.xcassets"; sourceTree = "<group>"; };
		B86FC90C2C6E31A30064CFBA /* WeatherInfoContainer.swift */ = {isa = PBXFileReference; lastKnownFileType = sourcecode.swift; path = WeatherInfoContainer.swift; sourceTree = "<group>"; };
		B86FC9182C7481030064CFBA /* WeatherResponse.swift */ = {isa = PBXFileReference; lastKnownFileType = sourcecode.swift; path = WeatherResponse.swift; sourceTree = "<group>"; };
		B86FC91C2C748AC40064CFBA /* WeatherManager.swift */ = {isa = PBXFileReference; lastKnownFileType = sourcecode.swift; path = WeatherManager.swift; sourceTree = "<group>"; };
		B86FC9202C7490680064CFBA /* WeatherViewModel.swift */ = {isa = PBXFileReference; lastKnownFileType = sourcecode.swift; path = WeatherViewModel.swift; sourceTree = "<group>"; };
		B894E4BF2C760A8F0022DE98 /* DetailsView.swift */ = {isa = PBXFileReference; lastKnownFileType = sourcecode.swift; path = DetailsView.swift; sourceTree = "<group>"; };
		B894E4C22C7733FD0022DE98 /* CityInfoContainer.swift */ = {isa = PBXFileReference; lastKnownFileType = sourcecode.swift; path = CityInfoContainer.swift; sourceTree = "<group>"; };
		B894E4C92C7E63AF0022DE98 /* WeatherError.swift */ = {isa = PBXFileReference; lastKnownFileType = sourcecode.swift; path = WeatherError.swift; sourceTree = "<group>"; };
		B8BA23E02CCFC7A90063BD41 /* WeekdayFilterItem.swift */ = {isa = PBXFileReference; lastKnownFileType = sourcecode.swift; path = WeekdayFilterItem.swift; sourceTree = "<group>"; };
		B8BA243D2CD021080063BD41 /* Montserrat-Light.ttf */ = {isa = PBXFileReference; lastKnownFileType = file; path = "Montserrat-Light.ttf"; sourceTree = "<group>"; };
		B8BA243E2CD021080063BD41 /* Montserrat-LightItalic.ttf */ = {isa = PBXFileReference; lastKnownFileType = file; path = "Montserrat-LightItalic.ttf"; sourceTree = "<group>"; };
		B8BA243F2CD021080063BD41 /* Montserrat-Regular.ttf */ = {isa = PBXFileReference; lastKnownFileType = file; path = "Montserrat-Regular.ttf"; sourceTree = "<group>"; };
		B8BA24402CD021080063BD41 /* Montserrat-SemiBold.ttf */ = {isa = PBXFileReference; lastKnownFileType = file; path = "Montserrat-SemiBold.ttf"; sourceTree = "<group>"; };
		B8BA24412CD021080063BD41 /* Montserrat-SemiBoldItalic.ttf */ = {isa = PBXFileReference; lastKnownFileType = file; path = "Montserrat-SemiBoldItalic.ttf"; sourceTree = "<group>"; };
		B8BA24482CD021220063BD41 /* Info.plist */ = {isa = PBXFileReference; lastKnownFileType = text.plist; path = Info.plist; sourceTree = "<group>"; };
		B8BA24492CD034F60063BD41 /* HourWeatherItem.swift */ = {isa = PBXFileReference; lastKnownFileType = sourcecode.swift; path = HourWeatherItem.swift; sourceTree = "<group>"; };
		B8BA244B2CD0C4070063BD41 /* HourlyResponseBody.swift */ = {isa = PBXFileReference; lastKnownFileType = sourcecode.swift; path = HourlyResponseBody.swift; sourceTree = "<group>"; };
		B8BA244D2CD0F50C0063BD41 /* HourlyWeather.swift */ = {isa = PBXFileReference; lastKnownFileType = sourcecode.swift; path = HourlyWeather.swift; sourceTree = "<group>"; };
		B8CBB0712C8841B7003CE614 /* CurrentResponseBody.swift */ = {isa = PBXFileReference; lastKnownFileType = sourcecode.swift; path = CurrentResponseBody.swift; sourceTree = "<group>"; };
		B8CBB0732C8879B5003CE614 /* CurrentWeather.swift */ = {isa = PBXFileReference; lastKnownFileType = sourcecode.swift; path = CurrentWeather.swift; sourceTree = "<group>"; };
		B8CBB0752C90C841003CE614 /* MainResponse.swift */ = {isa = PBXFileReference; lastKnownFileType = sourcecode.swift; path = MainResponse.swift; sourceTree = "<group>"; };
		B8CBB0772C90C85E003CE614 /* WindResponse.swift */ = {isa = PBXFileReference; lastKnownFileType = sourcecode.swift; path = WindResponse.swift; sourceTree = "<group>"; };
		B8CBB0792C90CA0A003CE614 /* ForecastResponseBody.swift */ = {isa = PBXFileReference; lastKnownFileType = sourcecode.swift; path = ForecastResponseBody.swift; sourceTree = "<group>"; };
		B8CBB07F2C90CDD0003CE614 /* ForecastWeather.swift */ = {isa = PBXFileReference; lastKnownFileType = sourcecode.swift; path = ForecastWeather.swift; sourceTree = "<group>"; };
		B8CBB0812C90DAE6003CE614 /* WeatherProtocol.swift */ = {isa = PBXFileReference; lastKnownFileType = sourcecode.swift; path = WeatherProtocol.swift; sourceTree = "<group>"; };
/* End PBXFileReference section */

/* Begin PBXFrameworksBuildPhase section */
		B86FC8F72C6E316E0064CFBA /* Frameworks */ = {
			isa = PBXFrameworksBuildPhase;
			buildActionMask = 2147483647;
			files = (
			);
			runOnlyForDeploymentPostprocessing = 0;
		};
/* End PBXFrameworksBuildPhase section */

/* Begin PBXGroup section */
		B86FC8F12C6E316E0064CFBA = {
			isa = PBXGroup;
			children = (
				B86FC8FC2C6E316E0064CFBA /* AstanaWeatherApp */,
				B86FC8FB2C6E316E0064CFBA /* Products */,
			);
			sourceTree = "<group>";
		};
		B86FC8FB2C6E316E0064CFBA /* Products */ = {
			isa = PBXGroup;
			children = (
				B86FC8FA2C6E316E0064CFBA /* AstanaWeatherApp.app */,
			);
			name = Products;
			sourceTree = "<group>";
		};
		B86FC8FC2C6E316E0064CFBA /* AstanaWeatherApp */ = {
			isa = PBXGroup;
			children = (
				B8BA24482CD021220063BD41 /* Info.plist */,
				B86FC90B2C6E31800064CFBA /* Common */,
				B86FC9112C7477A10064CFBA /* Models */,
				B86FC91A2C74812A0064CFBA /* ViewModels */,
				B86FC91B2C7481370064CFBA /* Views */,
				B86FC8FD2C6E316E0064CFBA /* AstanaWeatherAppApp.swift */,
				B86FC9012C6E31700064CFBA /* Assets.xcassets */,
				B86FC9032C6E31700064CFBA /* Preview Content */,
				B86FC91C2C748AC40064CFBA /* WeatherManager.swift */,
			);
			path = AstanaWeatherApp;
			sourceTree = "<group>";
		};
		B86FC9032C6E31700064CFBA /* Preview Content */ = {
			isa = PBXGroup;
			children = (
				B86FC9042C6E31700064CFBA /* Preview Assets.xcassets */,
			);
			path = "Preview Content";
			sourceTree = "<group>";
		};
		B86FC90B2C6E31800064CFBA /* Common */ = {
			isa = PBXGroup;
			children = (
				B8BA243C2CD0208B0063BD41 /* Fonts */,
				B894E4C12C7733CB0022DE98 /* Views */,
			);
			path = Common;
			sourceTree = "<group>";
		};
		B86FC9112C7477A10064CFBA /* Models */ = {
			isa = PBXGroup;
			children = (
				B894E4F52C7F5BE70022DE98 /* Responses */,
				B894E4C92C7E63AF0022DE98 /* WeatherError.swift */,
				B8CBB0812C90DAE6003CE614 /* WeatherProtocol.swift */,
				B8CBB0732C8879B5003CE614 /* CurrentWeather.swift */,
				B8CBB07F2C90CDD0003CE614 /* ForecastWeather.swift */,
				B8BA244D2CD0F50C0063BD41 /* HourlyWeather.swift */,
				B80972132CD10C750000AAE9 /* AirPolutionData.swift */,
			);
			path = Models;
			sourceTree = "<group>";
		};
		B86FC91A2C74812A0064CFBA /* ViewModels */ = {
			isa = PBXGroup;
			children = (
				B86FC9202C7490680064CFBA /* WeatherViewModel.swift */,
			);
			path = ViewModels;
			sourceTree = "<group>";
		};
		B86FC91B2C7481370064CFBA /* Views */ = {
			isa = PBXGroup;
			children = (
				B86FC8FF2C6E316E0064CFBA /* ContentView.swift */,
				B894E4BF2C760A8F0022DE98 /* DetailsView.swift */,
			);
			path = Views;
			sourceTree = "<group>";
		};
		B894E4C12C7733CB0022DE98 /* Views */ = {
			isa = PBXGroup;
			children = (
				B86FC90C2C6E31A30064CFBA /* WeatherInfoContainer.swift */,
				B894E4C22C7733FD0022DE98 /* CityInfoContainer.swift */,
				B8BA23E02CCFC7A90063BD41 /* WeekdayFilterItem.swift */,
				B8BA24492CD034F60063BD41 /* HourWeatherItem.swift */,
				B809720F2CD103B80000AAE9 /* AirPolutionContainer.swift */,
				B80972172CD1F9760000AAE9 /* CircularProgressView.swift */,
				B80972192CD21BAD0000AAE9 /* WeatherDetailsContainer.swift */,
				B809721B2CD25A2F0000AAE9 /* DetailsGridItem.swift */,
			);
			path = Views;
			sourceTree = "<group>";
		};
		B894E4F52C7F5BE70022DE98 /* Responses */ = {
			isa = PBXGroup;
			children = (
				B8CBB0712C8841B7003CE614 /* CurrentResponseBody.swift */,
				B8CBB0792C90CA0A003CE614 /* ForecastResponseBody.swift */,
				B8BA244B2CD0C4070063BD41 /* HourlyResponseBody.swift */,
				B80972112CD109EE0000AAE9 /* AirPolutionResponseBody.swift */,
				B86FC9182C7481030064CFBA /* WeatherResponse.swift */,
				B8CBB0752C90C841003CE614 /* MainResponse.swift */,
				B8CBB0772C90C85E003CE614 /* WindResponse.swift */,
			);
			path = Responses;
			sourceTree = "<group>";
		};
		B8BA243C2CD0208B0063BD41 /* Fonts */ = {
			isa = PBXGroup;
			children = (
				B8BA24422CD021080063BD41 /* Montserrat */,
			);
			path = Fonts;
			sourceTree = "<group>";
		};
		B8BA24422CD021080063BD41 /* Montserrat */ = {
			isa = PBXGroup;
			children = (
				B8BA243D2CD021080063BD41 /* Montserrat-Light.ttf */,
				B8BA243E2CD021080063BD41 /* Montserrat-LightItalic.ttf */,
				B8BA243F2CD021080063BD41 /* Montserrat-Regular.ttf */,
				B8BA24402CD021080063BD41 /* Montserrat-SemiBold.ttf */,
				B8BA24412CD021080063BD41 /* Montserrat-SemiBoldItalic.ttf */,
			);
			path = Montserrat;
			sourceTree = "<group>";
		};
/* End PBXGroup section */

/* Begin PBXNativeTarget section */
		B86FC8F92C6E316E0064CFBA /* AstanaWeatherApp */ = {
			isa = PBXNativeTarget;
			buildConfigurationList = B86FC9082C6E31700064CFBA /* Build configuration list for PBXNativeTarget "AstanaWeatherApp" */;
			buildPhases = (
				B86FC8F62C6E316E0064CFBA /* Sources */,
				B86FC8F72C6E316E0064CFBA /* Frameworks */,
				B86FC8F82C6E316E0064CFBA /* Resources */,
			);
			buildRules = (
			);
			dependencies = (
			);
			name = AstanaWeatherApp;
			productName = AstanaWeatherApp;
			productReference = B86FC8FA2C6E316E0064CFBA /* AstanaWeatherApp.app */;
			productType = "com.apple.product-type.application";
		};
/* End PBXNativeTarget section */

/* Begin PBXProject section */
		B86FC8F22C6E316E0064CFBA /* Project object */ = {
			isa = PBXProject;
			attributes = {
				BuildIndependentTargetsInParallel = 1;
				LastSwiftUpdateCheck = 1520;
				LastUpgradeCheck = 1520;
				TargetAttributes = {
					B86FC8F92C6E316E0064CFBA = {
						CreatedOnToolsVersion = 15.2;
					};
				};
			};
			buildConfigurationList = B86FC8F52C6E316E0064CFBA /* Build configuration list for PBXProject "AstanaWeatherApp" */;
			compatibilityVersion = "Xcode 14.0";
			developmentRegion = en;
			hasScannedForEncodings = 0;
			knownRegions = (
				en,
				Base,
			);
			mainGroup = B86FC8F12C6E316E0064CFBA;
			productRefGroup = B86FC8FB2C6E316E0064CFBA /* Products */;
			projectDirPath = "";
			projectRoot = "";
			targets = (
				B86FC8F92C6E316E0064CFBA /* AstanaWeatherApp */,
			);
		};
/* End PBXProject section */

/* Begin PBXResourcesBuildPhase section */
		B86FC8F82C6E316E0064CFBA /* Resources */ = {
			isa = PBXResourcesBuildPhase;
			buildActionMask = 2147483647;
			files = (
				B8BA24432CD021080063BD41 /* Montserrat-Light.ttf in Resources */,
				B8BA24442CD021080063BD41 /* Montserrat-LightItalic.ttf in Resources */,
				B8BA24452CD021080063BD41 /* Montserrat-SemiBold.ttf in Resources */,
				B8BA24462CD021080063BD41 /* Montserrat-Regular.ttf in Resources */,
				B8BA24472CD021080063BD41 /* Montserrat-SemiBoldItalic.ttf in Resources */,
				B86FC9052C6E31700064CFBA /* Preview Assets.xcassets in Resources */,
				B86FC9022C6E31700064CFBA /* Assets.xcassets in Resources */,
			);
			runOnlyForDeploymentPostprocessing = 0;
		};
/* End PBXResourcesBuildPhase section */

/* Begin PBXSourcesBuildPhase section */
		B86FC8F62C6E316E0064CFBA /* Sources */ = {
			isa = PBXSourcesBuildPhase;
			buildActionMask = 2147483647;
			files = (
				B8CBB0762C90C841003CE614 /* MainResponse.swift in Sources */,
				B80972122CD109EE0000AAE9 /* AirPolutionResponseBody.swift in Sources */,
				B8CBB07A2C90CA0A003CE614 /* ForecastResponseBody.swift in Sources */,
				B80972142CD10C750000AAE9 /* AirPolutionData.swift in Sources */,
				B8CBB0722C8841B7003CE614 /* CurrentResponseBody.swift in Sources */,
				B86FC9002C6E316E0064CFBA /* ContentView.swift in Sources */,
				B8CBB0782C90C85E003CE614 /* WindResponse.swift in Sources */,
				B809721A2CD21BAD0000AAE9 /* WeatherDetailsContainer.swift in Sources */,
				B86FC9212C7490680064CFBA /* WeatherViewModel.swift in Sources */,
				B809721C2CD25A2F0000AAE9 /* DetailsGridItem.swift in Sources */,
				B8CBB0802C90CDD0003CE614 /* ForecastWeather.swift in Sources */,
				B86FC8FE2C6E316E0064CFBA /* AstanaWeatherAppApp.swift in Sources */,
				B80972182CD1F9760000AAE9 /* CircularProgressView.swift in Sources */,
				B894E4C02C760A8F0022DE98 /* DetailsView.swift in Sources */,
				B86FC90D2C6E31A30064CFBA /* WeatherInfoContainer.swift in Sources */,
				B86FC91D2C748AC40064CFBA /* WeatherManager.swift in Sources */,
				B80972102CD103B80000AAE9 /* AirPolutionContainer.swift in Sources */,
				B894E4C32C7733FD0022DE98 /* CityInfoContainer.swift in Sources */,
				B8CBB0822C90DAE6003CE614 /* WeatherProtocol.swift in Sources */,
				B8BA244E2CD0F50C0063BD41 /* HourlyWeather.swift in Sources */,
				B8BA244A2CD034F60063BD41 /* HourWeatherItem.swift in Sources */,
				B8CBB0742C8879B5003CE614 /* CurrentWeather.swift in Sources */,
				B86FC9192C7481030064CFBA /* WeatherResponse.swift in Sources */,
				B894E4CA2C7E63AF0022DE98 /* WeatherError.swift in Sources */,
				B8BA23E12CCFC7A90063BD41 /* WeekdayFilterItem.swift in Sources */,
				B8BA244C2CD0C4070063BD41 /* HourlyResponseBody.swift in Sources */,
			);
			runOnlyForDeploymentPostprocessing = 0;
		};
/* End PBXSourcesBuildPhase section */

/* Begin XCBuildConfiguration section */
		B86FC9062C6E31700064CFBA /* Debug */ = {
			isa = XCBuildConfiguration;
			buildSettings = {
				ALWAYS_SEARCH_USER_PATHS = NO;
				ASSETCATALOG_COMPILER_GENERATE_SWIFT_ASSET_SYMBOL_EXTENSIONS = YES;
				CLANG_ANALYZER_NONNULL = YES;
				CLANG_ANALYZER_NUMBER_OBJECT_CONVERSION = YES_AGGRESSIVE;
				CLANG_CXX_LANGUAGE_STANDARD = "gnu++20";
				CLANG_ENABLE_MODULES = YES;
				CLANG_ENABLE_OBJC_ARC = YES;
				CLANG_ENABLE_OBJC_WEAK = YES;
				CLANG_WARN_BLOCK_CAPTURE_AUTORELEASING = YES;
				CLANG_WARN_BOOL_CONVERSION = YES;
				CLANG_WARN_COMMA = YES;
				CLANG_WARN_CONSTANT_CONVERSION = YES;
				CLANG_WARN_DEPRECATED_OBJC_IMPLEMENTATIONS = YES;
				CLANG_WARN_DIRECT_OBJC_ISA_USAGE = YES_ERROR;
				CLANG_WARN_DOCUMENTATION_COMMENTS = YES;
				CLANG_WARN_EMPTY_BODY = YES;
				CLANG_WARN_ENUM_CONVERSION = YES;
				CLANG_WARN_INFINITE_RECURSION = YES;
				CLANG_WARN_INT_CONVERSION = YES;
				CLANG_WARN_NON_LITERAL_NULL_CONVERSION = YES;
				CLANG_WARN_OBJC_IMPLICIT_RETAIN_SELF = YES;
				CLANG_WARN_OBJC_LITERAL_CONVERSION = YES;
				CLANG_WARN_OBJC_ROOT_CLASS = YES_ERROR;
				CLANG_WARN_QUOTED_INCLUDE_IN_FRAMEWORK_HEADER = YES;
				CLANG_WARN_RANGE_LOOP_ANALYSIS = YES;
				CLANG_WARN_STRICT_PROTOTYPES = YES;
				CLANG_WARN_SUSPICIOUS_MOVE = YES;
				CLANG_WARN_UNGUARDED_AVAILABILITY = YES_AGGRESSIVE;
				CLANG_WARN_UNREACHABLE_CODE = YES;
				CLANG_WARN__DUPLICATE_METHOD_MATCH = YES;
				COPY_PHASE_STRIP = NO;
				DEBUG_INFORMATION_FORMAT = dwarf;
				ENABLE_STRICT_OBJC_MSGSEND = YES;
				ENABLE_TESTABILITY = YES;
				ENABLE_USER_SCRIPT_SANDBOXING = YES;
				GCC_C_LANGUAGE_STANDARD = gnu17;
				GCC_DYNAMIC_NO_PIC = NO;
				GCC_NO_COMMON_BLOCKS = YES;
				GCC_OPTIMIZATION_LEVEL = 0;
				GCC_PREPROCESSOR_DEFINITIONS = (
					"DEBUG=1",
					"$(inherited)",
				);
				GCC_WARN_64_TO_32_BIT_CONVERSION = YES;
				GCC_WARN_ABOUT_RETURN_TYPE = YES_ERROR;
				GCC_WARN_UNDECLARED_SELECTOR = YES;
				GCC_WARN_UNINITIALIZED_AUTOS = YES_AGGRESSIVE;
				GCC_WARN_UNUSED_FUNCTION = YES;
				GCC_WARN_UNUSED_VARIABLE = YES;
				IPHONEOS_DEPLOYMENT_TARGET = 17.2;
				LOCALIZATION_PREFERS_STRING_CATALOGS = YES;
				MTL_ENABLE_DEBUG_INFO = INCLUDE_SOURCE;
				MTL_FAST_MATH = YES;
				ONLY_ACTIVE_ARCH = YES;
				SDKROOT = iphoneos;
				SWIFT_ACTIVE_COMPILATION_CONDITIONS = "DEBUG $(inherited)";
				SWIFT_OPTIMIZATION_LEVEL = "-Onone";
			};
			name = Debug;
		};
		B86FC9072C6E31700064CFBA /* Release */ = {
			isa = XCBuildConfiguration;
			buildSettings = {
				ALWAYS_SEARCH_USER_PATHS = NO;
				ASSETCATALOG_COMPILER_GENERATE_SWIFT_ASSET_SYMBOL_EXTENSIONS = YES;
				CLANG_ANALYZER_NONNULL = YES;
				CLANG_ANALYZER_NUMBER_OBJECT_CONVERSION = YES_AGGRESSIVE;
				CLANG_CXX_LANGUAGE_STANDARD = "gnu++20";
				CLANG_ENABLE_MODULES = YES;
				CLANG_ENABLE_OBJC_ARC = YES;
				CLANG_ENABLE_OBJC_WEAK = YES;
				CLANG_WARN_BLOCK_CAPTURE_AUTORELEASING = YES;
				CLANG_WARN_BOOL_CONVERSION = YES;
				CLANG_WARN_COMMA = YES;
				CLANG_WARN_CONSTANT_CONVERSION = YES;
				CLANG_WARN_DEPRECATED_OBJC_IMPLEMENTATIONS = YES;
				CLANG_WARN_DIRECT_OBJC_ISA_USAGE = YES_ERROR;
				CLANG_WARN_DOCUMENTATION_COMMENTS = YES;
				CLANG_WARN_EMPTY_BODY = YES;
				CLANG_WARN_ENUM_CONVERSION = YES;
				CLANG_WARN_INFINITE_RECURSION = YES;
				CLANG_WARN_INT_CONVERSION = YES;
				CLANG_WARN_NON_LITERAL_NULL_CONVERSION = YES;
				CLANG_WARN_OBJC_IMPLICIT_RETAIN_SELF = YES;
				CLANG_WARN_OBJC_LITERAL_CONVERSION = YES;
				CLANG_WARN_OBJC_ROOT_CLASS = YES_ERROR;
				CLANG_WARN_QUOTED_INCLUDE_IN_FRAMEWORK_HEADER = YES;
				CLANG_WARN_RANGE_LOOP_ANALYSIS = YES;
				CLANG_WARN_STRICT_PROTOTYPES = YES;
				CLANG_WARN_SUSPICIOUS_MOVE = YES;
				CLANG_WARN_UNGUARDED_AVAILABILITY = YES_AGGRESSIVE;
				CLANG_WARN_UNREACHABLE_CODE = YES;
				CLANG_WARN__DUPLICATE_METHOD_MATCH = YES;
				COPY_PHASE_STRIP = NO;
				DEBUG_INFORMATION_FORMAT = "dwarf-with-dsym";
				ENABLE_NS_ASSERTIONS = NO;
				ENABLE_STRICT_OBJC_MSGSEND = YES;
				ENABLE_USER_SCRIPT_SANDBOXING = YES;
				GCC_C_LANGUAGE_STANDARD = gnu17;
				GCC_NO_COMMON_BLOCKS = YES;
				GCC_WARN_64_TO_32_BIT_CONVERSION = YES;
				GCC_WARN_ABOUT_RETURN_TYPE = YES_ERROR;
				GCC_WARN_UNDECLARED_SELECTOR = YES;
				GCC_WARN_UNINITIALIZED_AUTOS = YES_AGGRESSIVE;
				GCC_WARN_UNUSED_FUNCTION = YES;
				GCC_WARN_UNUSED_VARIABLE = YES;
				IPHONEOS_DEPLOYMENT_TARGET = 17.2;
				LOCALIZATION_PREFERS_STRING_CATALOGS = YES;
				MTL_ENABLE_DEBUG_INFO = NO;
				MTL_FAST_MATH = YES;
				SDKROOT = iphoneos;
				SWIFT_COMPILATION_MODE = wholemodule;
				VALIDATE_PRODUCT = YES;
			};
			name = Release;
		};
		B86FC9092C6E31700064CFBA /* Debug */ = {
			isa = XCBuildConfiguration;
			buildSettings = {
				ASSETCATALOG_COMPILER_APPICON_NAME = AppIcon;
				ASSETCATALOG_COMPILER_GLOBAL_ACCENT_COLOR_NAME = AccentColor;
				CODE_SIGN_STYLE = Automatic;
				CURRENT_PROJECT_VERSION = 1;
				DEVELOPMENT_ASSET_PATHS = "\"AstanaWeatherApp/Preview Content\"";
				DEVELOPMENT_TEAM = Z8VL4FLQJ7;
				ENABLE_PREVIEWS = YES;
				GENERATE_INFOPLIST_FILE = YES;
				INFOPLIST_FILE = AstanaWeatherApp/Info.plist;
				INFOPLIST_KEY_UIApplicationSceneManifest_Generation = YES;
				INFOPLIST_KEY_UIApplicationSupportsIndirectInputEvents = YES;
				INFOPLIST_KEY_UILaunchScreen_Generation = YES;
				INFOPLIST_KEY_UISupportedInterfaceOrientations_iPad = "UIInterfaceOrientationPortrait UIInterfaceOrientationPortraitUpsideDown UIInterfaceOrientationLandscapeLeft UIInterfaceOrientationLandscapeRight";
				INFOPLIST_KEY_UISupportedInterfaceOrientations_iPhone = "UIInterfaceOrientationPortrait UIInterfaceOrientationLandscapeLeft UIInterfaceOrientationLandscapeRight";
				LD_RUNPATH_SEARCH_PATHS = (
					"$(inherited)",
					"@executable_path/Frameworks",
				);
				MARKETING_VERSION = 1.0;
				PRODUCT_BUNDLE_IDENTIFIER = com.sturdytea.AstanaWeatherApp;
				PRODUCT_NAME = "$(TARGET_NAME)";
				SWIFT_EMIT_LOC_STRINGS = YES;
				SWIFT_VERSION = 5.0;
				TARGETED_DEVICE_FAMILY = "1,2";
			};
			name = Debug;
		};
		B86FC90A2C6E31700064CFBA /* Release */ = {
			isa = XCBuildConfiguration;
			buildSettings = {
				ASSETCATALOG_COMPILER_APPICON_NAME = AppIcon;
				ASSETCATALOG_COMPILER_GLOBAL_ACCENT_COLOR_NAME = AccentColor;
				CODE_SIGN_STYLE = Automatic;
				CURRENT_PROJECT_VERSION = 1;
				DEVELOPMENT_ASSET_PATHS = "\"AstanaWeatherApp/Preview Content\"";
				DEVELOPMENT_TEAM = Z8VL4FLQJ7;
				ENABLE_PREVIEWS = YES;
				GENERATE_INFOPLIST_FILE = YES;
				INFOPLIST_FILE = AstanaWeatherApp/Info.plist;
				INFOPLIST_KEY_UIApplicationSceneManifest_Generation = YES;
				INFOPLIST_KEY_UIApplicationSupportsIndirectInputEvents = YES;
				INFOPLIST_KEY_UILaunchScreen_Generation = YES;
				INFOPLIST_KEY_UISupportedInterfaceOrientations_iPad = "UIInterfaceOrientationPortrait UIInterfaceOrientationPortraitUpsideDown UIInterfaceOrientationLandscapeLeft UIInterfaceOrientationLandscapeRight";
				INFOPLIST_KEY_UISupportedInterfaceOrientations_iPhone = "UIInterfaceOrientationPortrait UIInterfaceOrientationLandscapeLeft UIInterfaceOrientationLandscapeRight";
				LD_RUNPATH_SEARCH_PATHS = (
					"$(inherited)",
					"@executable_path/Frameworks",
				);
				MARKETING_VERSION = 1.0;
				PRODUCT_BUNDLE_IDENTIFIER = com.sturdytea.AstanaWeatherApp;
				PRODUCT_NAME = "$(TARGET_NAME)";
				SWIFT_EMIT_LOC_STRINGS = YES;
				SWIFT_VERSION = 5.0;
				TARGETED_DEVICE_FAMILY = "1,2";
			};
			name = Release;
		};
/* End XCBuildConfiguration section */

/* Begin XCConfigurationList section */
		B86FC8F52C6E316E0064CFBA /* Build configuration list for PBXProject "AstanaWeatherApp" */ = {
			isa = XCConfigurationList;
			buildConfigurations = (
				B86FC9062C6E31700064CFBA /* Debug */,
				B86FC9072C6E31700064CFBA /* Release */,
			);
			defaultConfigurationIsVisible = 0;
			defaultConfigurationName = Release;
		};
		B86FC9082C6E31700064CFBA /* Build configuration list for PBXNativeTarget "AstanaWeatherApp" */ = {
			isa = XCConfigurationList;
			buildConfigurations = (
				B86FC9092C6E31700064CFBA /* Debug */,
				B86FC90A2C6E31700064CFBA /* Release */,
			);
			defaultConfigurationIsVisible = 0;
			defaultConfigurationName = Release;
		};
/* End XCConfigurationList section */
	};
	rootObject = B86FC8F22C6E316E0064CFBA /* Project object */;
}
